
Microsoft Visual Studio Solution File, Format Version 12.00
# Visual Studio Version 17
VisualStudioVersion = 17.0.31903.59
MinimumVisualStudioVersion = 10.0.40219.1
Project("{FAE04EC0-301F-11D3-BF4B-00C04F79EFBC}") = "WebApplication1", "WebApplication1\WebApplication1.csproj", "{1A084C69-39E2-4A12-832B-3A40441242CB}"
EndProject
Global
	GlobalSection(SolutionConfigurationPlatforms) = preSolution
		Debug|Any CPU = Debug|Any CPU
		Release|Any CPU = Release|Any CPU
	EndGlobalSection
	GlobalSection(SolutionProperties) = preSolution
		HideSolutionNode = FALSE
	EndGlobalSection
	GlobalSection(ProjectConfigurationPlatforms) = postSolution
		{1A084C69-39E2-4A12-832B-3A40441242CB}.Debug|Any CPU.ActiveCfg = Debug|Any CPU
		{1A084C69-39E2-4A12-832B-3A40441242CB}.Debug|Any CPU.Build.0 = Debug|Any CPU
		{1A084C69-39E2-4A12-832B-3A40441242CB}.Release|Any CPU.ActiveCfg = Release|Any CPU
		{1A084C69-39E2-4A12-832B-3A40441242CB}.Release|Any CPU.Build.0 = Release|Any CPU
	EndGlobalSection
EndGlobal
